
Microsoft Visual Studio Solution File, Format Version 12.00
# Visual Studio 15
VisualStudioVersion = 15.0.27004.2008
MinimumVisualStudioVersion = 10.0.40219.1
Project("{E24C65DC-7377-472B-9ABA-BC803B73C61A}") = "AddressBook.Ui", "AddressBook.Ui\", "{A8A08F56-F78F-4C96-9F18-E8649D030E48}"
	ProjectSection(WebsiteProperties) = preProject
		TargetFrameworkMoniker = ".NETFramework,Version%3Dv4.0"
		Debug.AspNetCompiler.VirtualPath = "/localhost_51230"
		Debug.AspNetCompiler.PhysicalPath = "AddressBook.Ui\"
		Debug.AspNetCompiler.TargetPath = "PrecompiledWeb\localhost_51230\"
		Debug.AspNetCompiler.Updateable = "true"
		Debug.AspNetCompiler.ForceOverwrite = "true"
		Debug.AspNetCompiler.FixedNames = "false"
		Debug.AspNetCompiler.Debug = "True"
		Release.AspNetCompiler.VirtualPath = "/localhost_51230"
		Release.AspNetCompiler.PhysicalPath = "AddressBook.Ui\"
		Release.AspNetCompiler.TargetPath = "PrecompiledWeb\localhost_51230\"
		Release.AspNetCompiler.Updateable = "true"
		Release.AspNetCompiler.ForceOverwrite = "true"
		Release.AspNetCompiler.FixedNames = "false"
		Release.AspNetCompiler.Debug = "False"
		VWDPort = "51230"
		SlnRelativePath = "AddressBook.Ui\"
	EndProjectSection
EndProject
Project("{FAE04EC0-301F-11D3-BF4B-00C04F79EFBC}") = "AddressBook.Api", "AddressBook.Api\AddressBook.Api\AddressBook.Api.csproj", "{DC1AD03F-C176-4C91-A47D-7E6CF54B65E1}"
EndProject
Global
	GlobalSection(SolutionConfigurationPlatforms) = preSolution
		Debug|Any CPU = Debug|Any CPU
		Release|Any CPU = Release|Any CPU
	EndGlobalSection
	GlobalSection(ProjectConfigurationPlatforms) = postSolution
		{A8A08F56-F78F-4C96-9F18-E8649D030E48}.Debug|Any CPU.ActiveCfg = Debug|Any CPU
		{A8A08F56-F78F-4C96-9F18-E8649D030E48}.Debug|Any CPU.Build.0 = Debug|Any CPU
		{A8A08F56-F78F-4C96-9F18-E8649D030E48}.Release|Any CPU.ActiveCfg = Debug|Any CPU
		{A8A08F56-F78F-4C96-9F18-E8649D030E48}.Release|Any CPU.Build.0 = Debug|Any CPU
		{DC1AD03F-C176-4C91-A47D-7E6CF54B65E1}.Debug|Any CPU.ActiveCfg = Debug|Any CPU
		{DC1AD03F-C176-4C91-A47D-7E6CF54B65E1}.Debug|Any CPU.Build.0 = Debug|Any CPU
		{DC1AD03F-C176-4C91-A47D-7E6CF54B65E1}.Release|Any CPU.ActiveCfg = Release|Any CPU
		{DC1AD03F-C176-4C91-A47D-7E6CF54B65E1}.Release|Any CPU.Build.0 = Release|Any CPU
	EndGlobalSection
	GlobalSection(SolutionProperties) = preSolution
		HideSolutionNode = FALSE
	EndGlobalSection
	GlobalSection(ExtensibilityGlobals) = postSolution
		SolutionGuid = {50C2C126-C5CE-4C42-A952-69EA3C978494}
	EndGlobalSection
EndGlobal
